{
  "version": 4,
  "terraform_version": "1.5.5",
  "serial": 38,
  "lineage": "5c5f9c5c-cd0e-9776-e619-347bc956ce84",
  "outputs": {},
  "resources": [
    {
      "mode": "data",
      "type": "aws_secretsmanager_secret",
      "name": "earthdata_token",
      "provider": "provider[\"registry.terraform.io/hashicorp/aws\"]",
      "instances": [
        {
          "schema_version": 0,
          "attributes": {
            "arn": "arn:aws:secretsmanager:us-west-2:334668851926:secret:earthdata-token-c35PZU",
            "description": "",
            "id": "arn:aws:secretsmanager:us-west-2:334668851926:secret:earthdata-token-c35PZU",
            "kms_key_id": "",
            "name": "earthdata-token",
            "policy": "",
            "tags": {}
          },
          "sensitive_attributes": []
        }
      ]
    },
    {
      "mode": "data",
      "type": "aws_secretsmanager_secret_version",
      "name": "earthdata_token",
      "provider": "provider[\"registry.terraform.io/hashicorp/aws\"]",
      "instances": [
        {
          "schema_version": 0,
          "attributes": {
            "arn": "arn:aws:secretsmanager:us-west-2:334668851926:secret:earthdata-token-c35PZU",
            "id": "arn:aws:secretsmanager:us-west-2:334668851926:secret:earthdata-token-c35PZU|AWSCURRENT",
            "secret_binary": "",
            "secret_id": "arn:aws:secretsmanager:us-west-2:334668851926:secret:earthdata-token-c35PZU",
            "secret_string": "eyJ0eXAiOiJKV1QiLCJvcmlnaW4iOiJFYXJ0aGRhdGEgTG9naW4iLCJzaWciOiJlZGxqd3RwdWJrZXlfb3BzIiwiYWxnIjoiUlMyNTYifQ.eyJ0eXBlIjoiVXNlciIsInVpZCI6ImFsZXhnbGVpdGhfZ2EiLCJleHAiOjE3MDA5NTQ0NTMsImlhdCI6MTY5NTc3MDQ1MywiaXNzIjoiRWFydGhkYXRhIExvZ2luIn0.mbU-egGDsGzR31qdJdhPYVr8JdhTOUfEtqog29jGZ6NyRp35jiQfLRlgB0ibIaZ1-fa7b1TtkM5pxNIHipK4zPtO27qroW85UXCroj_qi1Wng1opjZOw6HIT4gCAxa0VHdv6iBf3JEmpPTXi66m861hxW_B51gnQeWjz8TgwGpr1hQKG9i2GfNyYHfy4CpmTAUTPq401l1fvy6btSpdCTAmoCmQSJHWTrGiLwsVUpHkOSllCTs1d-n1I_6OPkulPHGEtEWZ_YxRMwRw8s2cZWtEUU0ODW7VlecLMAQhd7PL9qjML45uHLiMGTpG8yksGJibj4VnAYYEEidYsJjNa1Q",
            "version_id": "eb8d6455-4a31-4f2f-8988-076ea4310d5a",
            "version_stage": "AWSCURRENT",
            "version_stages": [
              "AWSCURRENT"
            ]
          },
          "sensitive_attributes": []
        }
      ]
    },
    {
      "mode": "managed",
      "type": "aws_cloudwatch_log_group",
      "name": "ghrsst_log_group",
      "provider": "provider[\"registry.terraform.io/hashicorp/aws\"]",
      "instances": [
        {
          "schema_version": 0,
          "attributes": {
            "arn": "arn:aws:logs:us-west-2:334668851926:log-group:/aws/lambda/ghrsst-lambda",
            "id": "/aws/lambda/ghrsst-lambda",
            "kms_key_id": "",
            "name": "/aws/lambda/ghrsst-lambda",
            "name_prefix": "",
            "retention_in_days": 0,
            "skip_destroy": false,
            "tags": {},
            "tags_all": {}
          },
          "sensitive_attributes": [],
          "private": "bnVsbA=="
        }
      ]
    },
    {
      "mode": "managed",
      "type": "aws_iam_policy",
      "name": "ghrsst_role_policy",
      "provider": "provider[\"registry.terraform.io/hashicorp/aws\"]",
      "instances": [
        {
          "schema_version": 0,
          "attributes": {
            "arn": "arn:aws:iam::334668851926:policy/my-lambda-role-policy",
            "description": "",
            "id": "arn:aws:iam::334668851926:policy/my-lambda-role-policy",
            "name": "my-lambda-role-policy",
            "name_prefix": "",
            "path": "/",
            "policy": "{\"Statement\":[{\"Action\":[\"logs:CreateLogStream\",\"logs:PutLogEvents\"],\"Effect\":\"Allow\",\"Resource\":\"arn:aws:logs:us-west-2:334668851926:log-group:/aws/lambda/ghrsst-lambda:*\"},{\"Action\":[\"sqs:ReceiveMessage\",\"sqs:DeleteMessage\",\"sqs:GetQueueAttributes\"],\"Effect\":\"Allow\",\"Resource\":\"arn:aws:sqs:us-west-2:334668851926:ghrsst-queue\"},{\"Action\":[\"sqs:SendMessage\"],\"Effect\":\"Allow\",\"Resource\":\"arn:aws:sqs:us-west-2:334668851926:ghrsst-queue-dead\"},{\"Action\":[\"s3:GetObject\",\"s3:PutObject\",\"s3:ListBucket\"],\"Effect\":\"Allow\",\"Resource\":[\"arn:aws:s3:::files.auspatious.com\",\"arn:aws:s3:::files.auspatious.com/*\"]}],\"Version\":\"2012-10-17\"}",
            "policy_id": "ANPAU326RNLLO6D22AMFO",
            "tags": {},
            "tags_all": {}
          },
          "sensitive_attributes": [],
          "private": "bnVsbA==",
          "dependencies": [
            "aws_cloudwatch_log_group.ghrsst_log_group",
            "aws_sqs_queue.ghrsst_queue",
            "aws_sqs_queue.ghrsst_queue_dead"
          ]
        }
      ]
    },
    {
      "mode": "managed",
      "type": "aws_iam_role",
      "name": "ghrsst_role",
      "provider": "provider[\"registry.terraform.io/hashicorp/aws\"]",
      "instances": [
        {
          "schema_version": 0,
          "attributes": {
            "arn": "arn:aws:iam::334668851926:role/my-lambda-role",
            "assume_role_policy": "{\"Statement\":[{\"Action\":\"sts:AssumeRole\",\"Effect\":\"Allow\",\"Principal\":{\"Service\":\"lambda.amazonaws.com\"},\"Sid\":\"\"}],\"Version\":\"2012-10-17\"}",
            "create_date": "2023-11-22T04:31:23Z",
            "description": "",
            "force_detach_policies": false,
            "id": "my-lambda-role",
            "inline_policy": [],
            "managed_policy_arns": [
              "arn:aws:iam::334668851926:policy/my-lambda-role-policy"
            ],
            "max_session_duration": 3600,
            "name": "my-lambda-role",
            "name_prefix": "",
            "path": "/",
            "permissions_boundary": "",
            "tags": {},
            "tags_all": {},
            "unique_id": "AROAU326RNLLFK4WAJIF3"
          },
          "sensitive_attributes": [],
          "private": "bnVsbA=="
        }
      ]
    },
    {
      "mode": "managed",
      "type": "aws_iam_role_policy_attachment",
      "name": "ghrsst_role_policy_attachment",
      "provider": "provider[\"registry.terraform.io/hashicorp/aws\"]",
      "instances": [
        {
          "schema_version": 0,
          "attributes": {
            "id": "my-lambda-role-20231122043949808200000001",
            "policy_arn": "arn:aws:iam::334668851926:policy/my-lambda-role-policy",
            "role": "my-lambda-role"
          },
          "sensitive_attributes": [],
          "private": "bnVsbA==",
          "dependencies": [
            "aws_cloudwatch_log_group.ghrsst_log_group",
            "aws_iam_policy.ghrsst_role_policy",
            "aws_iam_role.ghrsst_role",
            "aws_sqs_queue.ghrsst_queue",
            "aws_sqs_queue.ghrsst_queue_dead"
          ]
        }
      ]
    },
    {
      "mode": "managed",
      "type": "aws_lambda_event_source_mapping",
      "name": "sqs_event_source_mapping",
      "provider": "provider[\"registry.terraform.io/hashicorp/aws\"]",
      "instances": [
        {
          "schema_version": 0,
          "attributes": {
            "amazon_managed_kafka_event_source_config": [],
            "batch_size": 1,
            "bisect_batch_on_function_error": false,
            "destination_config": [],
            "document_db_event_source_config": [],
            "enabled": true,
            "event_source_arn": "arn:aws:sqs:us-west-2:334668851926:ghrsst-queue",
            "filter_criteria": [],
            "function_arn": "arn:aws:lambda:us-west-2:334668851926:function:ghrsst-lambda",
            "function_name": "arn:aws:lambda:us-west-2:334668851926:function:ghrsst-lambda",
            "function_response_types": [],
            "id": "0d4fc21e-d15b-4a31-8556-6699c6d751d8",
            "last_modified": "2023-11-22T05:26:51Z",
            "last_processing_result": "",
            "maximum_batching_window_in_seconds": 0,
            "maximum_record_age_in_seconds": 0,
            "maximum_retry_attempts": 0,
            "parallelization_factor": 0,
            "queues": [],
            "scaling_config": [],
            "self_managed_event_source": [],
            "self_managed_kafka_event_source_config": [],
            "source_access_configuration": [],
            "starting_position": "",
            "starting_position_timestamp": "",
            "state": "Enabled",
            "state_transition_reason": "USER_INITIATED",
            "topics": [],
            "tumbling_window_in_seconds": 0,
            "uuid": "0d4fc21e-d15b-4a31-8556-6699c6d751d8"
          },
          "sensitive_attributes": [],
          "private": "bnVsbA==",
          "dependencies": [
            "aws_iam_role.ghrsst_role",
            "aws_lambda_function.my_lambda",
            "aws_sqs_queue.ghrsst_queue",
            "aws_sqs_queue.ghrsst_queue_dead",
            "data.aws_secretsmanager_secret.earthdata_token",
            "data.aws_secretsmanager_secret_version.earthdata_token"
          ]
        }
      ]
    },
    {
      "mode": "managed",
      "type": "aws_lambda_function",
      "name": "my_lambda",
      "provider": "provider[\"registry.terraform.io/hashicorp/aws\"]",
      "instances": [
        {
          "schema_version": 0,
          "attributes": {
            "architectures": [
              "x86_64"
            ],
            "arn": "arn:aws:lambda:us-west-2:334668851926:function:ghrsst-lambda",
            "code_signing_config_arn": "",
            "dead_letter_config": [],
            "description": "",
            "environment": [
              {
                "variables": {
                  "EARTHDATA_TOKEN": "eyJ0eXAiOiJKV1QiLCJvcmlnaW4iOiJFYXJ0aGRhdGEgTG9naW4iLCJzaWciOiJlZGxqd3RwdWJrZXlfb3BzIiwiYWxnIjoiUlMyNTYifQ.eyJ0eXBlIjoiVXNlciIsInVpZCI6ImFsZXhnbGVpdGhfZ2EiLCJleHAiOjE3MDA5NTQ0NTMsImlhdCI6MTY5NTc3MDQ1MywiaXNzIjoiRWFydGhkYXRhIExvZ2luIn0.mbU-egGDsGzR31qdJdhPYVr8JdhTOUfEtqog29jGZ6NyRp35jiQfLRlgB0ibIaZ1-fa7b1TtkM5pxNIHipK4zPtO27qroW85UXCroj_qi1Wng1opjZOw6HIT4gCAxa0VHdv6iBf3JEmpPTXi66m861hxW_B51gnQeWjz8TgwGpr1hQKG9i2GfNyYHfy4CpmTAUTPq401l1fvy6btSpdCTAmoCmQSJHWTrGiLwsVUpHkOSllCTs1d-n1I_6OPkulPHGEtEWZ_YxRMwRw8s2cZWtEUU0ODW7VlecLMAQhd7PL9qjML45uHLiMGTpG8yksGJibj4VnAYYEEidYsJjNa1Q"
                }
              }
            ],
            "ephemeral_storage": [
              {
                "size": 512
              }
            ],
            "file_system_config": [],
            "filename": null,
            "function_name": "ghrsst-lambda",
            "handler": "",
            "id": "ghrsst-lambda",
            "image_config": [],
            "image_uri": "334668851926.dkr.ecr.us-west-2.amazonaws.com/ghrsst-cogger:0.0.4",
            "invoke_arn": "arn:aws:apigateway:us-west-2:lambda:path/2015-03-31/functions/arn:aws:lambda:us-west-2:334668851926:function:ghrsst-lambda/invocations",
            "kms_key_arn": "",
            "last_modified": "2023-11-22T06:35:12.000+0000",
            "layers": [],
            "memory_size": 6000,
            "package_type": "Image",
            "publish": false,
            "qualified_arn": "arn:aws:lambda:us-west-2:334668851926:function:ghrsst-lambda:$LATEST",
            "qualified_invoke_arn": "arn:aws:apigateway:us-west-2:lambda:path/2015-03-31/functions/arn:aws:lambda:us-west-2:334668851926:function:ghrsst-lambda:$LATEST/invocations",
            "replace_security_groups_on_destroy": null,
            "replacement_security_group_ids": null,
            "reserved_concurrent_executions": -1,
            "role": "arn:aws:iam::334668851926:role/my-lambda-role",
            "runtime": "",
            "s3_bucket": null,
            "s3_key": null,
            "s3_object_version": null,
            "signing_job_arn": "",
            "signing_profile_version_arn": "",
            "skip_destroy": false,
            "snap_start": [],
            "source_code_hash": "76842fb9976f45b72e3784e0b83d3b155906a4cf8a340d109a33ff38ef2c97e6",
            "source_code_size": 0,
            "tags": {},
            "tags_all": {},
            "timeout": 600,
            "timeouts": null,
            "tracing_config": [
              {
                "mode": "PassThrough"
              }
            ],
            "version": "$LATEST",
            "vpc_config": []
          },
          "sensitive_attributes": [
            [
              {
                "type": "get_attr",
                "value": "environment"
              },
              {
                "type": "index",
                "value": {
                  "value": 0,
                  "type": "number"
                }
              },
              {
                "type": "get_attr",
                "value": "variables"
              },
              {
                "type": "index",
                "value": {
                  "value": "EARTHDATA_TOKEN",
                  "type": "string"
                }
              }
            ]
          ],
          "private": "eyJlMmJmYjczMC1lY2FhLTExZTYtOGY4OC0zNDM2M2JjN2M0YzAiOnsiY3JlYXRlIjo2MDAwMDAwMDAwMDAsImRlbGV0ZSI6NjAwMDAwMDAwMDAwLCJ1cGRhdGUiOjYwMDAwMDAwMDAwMH19",
          "dependencies": [
            "aws_iam_role.ghrsst_role",
            "data.aws_secretsmanager_secret.earthdata_token",
            "data.aws_secretsmanager_secret_version.earthdata_token"
          ]
        }
      ]
    },
    {
      "mode": "managed",
      "type": "aws_sqs_queue",
      "name": "ghrsst_queue",
      "provider": "provider[\"registry.terraform.io/hashicorp/aws\"]",
      "instances": [
        {
          "schema_version": 0,
          "attributes": {
            "arn": "arn:aws:sqs:us-west-2:334668851926:ghrsst-queue",
            "content_based_deduplication": false,
            "deduplication_scope": "",
            "delay_seconds": 90,
            "fifo_queue": false,
            "fifo_throughput_limit": "",
            "id": "https://sqs.us-west-2.amazonaws.com/334668851926/ghrsst-queue",
            "kms_data_key_reuse_period_seconds": 300,
            "kms_master_key_id": "",
            "max_message_size": 2048,
            "message_retention_seconds": 86400,
            "name": "ghrsst-queue",
            "name_prefix": "",
            "policy": "",
            "receive_wait_time_seconds": 10,
            "redrive_allow_policy": "",
            "redrive_policy": "{\"deadLetterTargetArn\":\"arn:aws:sqs:us-west-2:334668851926:ghrsst-queue-dead\",\"maxReceiveCount\":2}",
            "sqs_managed_sse_enabled": true,
            "tags": {},
            "tags_all": {},
            "url": "https://sqs.us-west-2.amazonaws.com/334668851926/ghrsst-queue",
            "visibility_timeout_seconds": 630
          },
          "sensitive_attributes": [],
          "private": "bnVsbA==",
          "dependencies": [
            "aws_sqs_queue.ghrsst_queue_dead"
          ]
        }
      ]
    },
    {
      "mode": "managed",
      "type": "aws_sqs_queue",
      "name": "ghrsst_queue_dead",
      "provider": "provider[\"registry.terraform.io/hashicorp/aws\"]",
      "instances": [
        {
          "schema_version": 0,
          "attributes": {
            "arn": "arn:aws:sqs:us-west-2:334668851926:ghrsst-queue-dead",
            "content_based_deduplication": false,
            "deduplication_scope": "",
            "delay_seconds": 90,
            "fifo_queue": false,
            "fifo_throughput_limit": "",
            "id": "https://sqs.us-west-2.amazonaws.com/334668851926/ghrsst-queue-dead",
            "kms_data_key_reuse_period_seconds": 300,
            "kms_master_key_id": "",
            "max_message_size": 2048,
            "message_retention_seconds": 86400,
            "name": "ghrsst-queue-dead",
            "name_prefix": "",
            "policy": "",
            "receive_wait_time_seconds": 10,
            "redrive_allow_policy": "",
            "redrive_policy": "",
            "sqs_managed_sse_enabled": true,
            "tags": {},
            "tags_all": {},
            "url": "https://sqs.us-west-2.amazonaws.com/334668851926/ghrsst-queue-dead",
            "visibility_timeout_seconds": 30
          },
          "sensitive_attributes": [],
          "private": "bnVsbA=="
        }
      ]
    }
  ],
  "check_results": null
}
